// !$*UTF8*$!
{
	archiveVersion = 1;
	classes = {
	};
	objectVersion = 56;
	objects = {

/* Begin PBXBuildFile section */
		FA024E282AA392B00099BAAA /* GoogleService-Info.plist in Resources */ = {isa = PBXBuildFile; fileRef = FA024E272AA392AF0099BAAA /* GoogleService-Info.plist */; };
		FA4F5E1B2AD2E71C00A39306 /* FirebaseAnalytics in Frameworks */ = {isa = PBXBuildFile; productRef = FA4F5E1A2AD2E71C00A39306 /* FirebaseAnalytics */; };
		FA4F5E1D2AD2E71C00A39306 /* FirebaseAnalyticsSwift in Frameworks */ = {isa = PBXBuildFile; productRef = FA4F5E1C2AD2E71C00A39306 /* FirebaseAnalyticsSwift */; };
		FA4F5E1F2AD2F13900A39306 /* AuthenticationManager.swift in Sources */ = {isa = PBXBuildFile; fileRef = FA4F5E1E2AD2F13900A39306 /* AuthenticationManager.swift */; };
		FA56A06F2B0F40DA0089C405 /* ArchivedGameListView.swift in Sources */ = {isa = PBXBuildFile; fileRef = FA56A06E2B0F40DA0089C405 /* ArchivedGameListView.swift */; };
		FA56A0712B0F40F20089C405 /* ArchivedGameListViewModel.swift in Sources */ = {isa = PBXBuildFile; fileRef = FA56A0702B0F40F20089C405 /* ArchivedGameListViewModel.swift */; };
		FA56A0732B14FF590089C405 /* LocalDictService.swift in Sources */ = {isa = PBXBuildFile; fileRef = FA56A0722B14FF590089C405 /* LocalDictService.swift */; };
		FA592C592ADA8A1D00BAFF8F /* ErrorStore.swift in Sources */ = {isa = PBXBuildFile; fileRef = FA592C582ADA8A1D00BAFF8F /* ErrorStore.swift */; };
		FA592C5B2ADB144B00BAFF8F /* GameListView.swift in Sources */ = {isa = PBXBuildFile; fileRef = FA592C5A2ADB144B00BAFF8F /* GameListView.swift */; };
		FA592C602ADB39A800BAFF8F /* GameManager.swift in Sources */ = {isa = PBXBuildFile; fileRef = FA592C5F2ADB39A700BAFF8F /* GameManager.swift */; };
		FA592C632ADBB15C00BAFF8F /* Query+EXT.swift in Sources */ = {isa = PBXBuildFile; fileRef = FA592C622ADBB15C00BAFF8F /* Query+EXT.swift */; };
		FA592C652ADBB26800BAFF8F /* GameListViewModel.swift in Sources */ = {isa = PBXBuildFile; fileRef = FA592C642ADBB26800BAFF8F /* GameListViewModel.swift */; };
		FA592C672ADBDEA600BAFF8F /* GameInfoView.swift in Sources */ = {isa = PBXBuildFile; fileRef = FA592C662ADBDEA500BAFF8F /* GameInfoView.swift */; };
		FA592C692ADBDFB800BAFF8F /* GameInfoViewModel.swift in Sources */ = {isa = PBXBuildFile; fileRef = FA592C682ADBDFB800BAFF8F /* GameInfoViewModel.swift */; };
		FA6483262AF24C0900A9DBAA /* AsteriskDialogView.swift in Sources */ = {isa = PBXBuildFile; fileRef = FA6483252AF24C0900A9DBAA /* AsteriskDialogView.swift */; };
		FA6483282AF39CA100A9DBAA /* Utils.swift in Sources */ = {isa = PBXBuildFile; fileRef = FA6483272AF39CA100A9DBAA /* Utils.swift */; };
		FA64832A2AF4FA4500A9DBAA /* MoveInfoDialogView.swift in Sources */ = {isa = PBXBuildFile; fileRef = FA6483292AF4FA4500A9DBAA /* MoveInfoDialogView.swift */; };
		FA64832C2AF5282100A9DBAA /* PlayerModel.swift in Sources */ = {isa = PBXBuildFile; fileRef = FA64832B2AF5282100A9DBAA /* PlayerModel.swift */; };
		FA6E7F7D2B01424F00F0C6AC /* GameResultView.swift in Sources */ = {isa = PBXBuildFile; fileRef = FA6E7F7C2B01424F00F0C6AC /* GameResultView.swift */; };
		FA7247982B0B6B0100AF3FA1 /* UserContactRowView.swift in Sources */ = {isa = PBXBuildFile; fileRef = FA7247972B0B6B0100AF3FA1 /* UserContactRowView.swift */; };
		FA7545762AEA549200B58EFC /* MoveManager.swift in Sources */ = {isa = PBXBuildFile; fileRef = FA7545752AEA549200B58EFC /* MoveManager.swift */; };
		FA7545792AEA584100B58EFC /* GameModel.swift in Sources */ = {isa = PBXBuildFile; fileRef = FA7545782AEA584100B58EFC /* GameModel.swift */; };
		FA75457B2AEA589000B58EFC /* WordModel.swift in Sources */ = {isa = PBXBuildFile; fileRef = FA75457A2AEA589000B58EFC /* WordModel.swift */; };
		FA75457D2AEA589D00B58EFC /* MoveModel.swift in Sources */ = {isa = PBXBuildFile; fileRef = FA75457C2AEA589D00B58EFC /* MoveModel.swift */; };
		FA75457F2AEA58AA00B58EFC /* CellModel.swift in Sources */ = {isa = PBXBuildFile; fileRef = FA75457E2AEA58AA00B58EFC /* CellModel.swift */; };
		FA7545812AEACFE600B58EFC /* LetterTileModel.swift in Sources */ = {isa = PBXBuildFile; fileRef = FA7545802AEACFE600B58EFC /* LetterTileModel.swift */; };
		FA7545832AEC046C00B58EFC /* BoardView.swift in Sources */ = {isa = PBXBuildFile; fileRef = FA7545822AEC046C00B58EFC /* BoardView.swift */; };
		FA7545852AEC048D00B58EFC /* RackView.swift in Sources */ = {isa = PBXBuildFile; fileRef = FA7545842AEC048D00B58EFC /* RackView.swift */; };
		FA7545872AEC04B400B58EFC /* CommandView.swift in Sources */ = {isa = PBXBuildFile; fileRef = FA7545862AEC04B400B58EFC /* CommandView.swift */; };
		FA7545892AEC05F100B58EFC /* DeviceEnvironment.swift in Sources */ = {isa = PBXBuildFile; fileRef = FA7545882AEC05F100B58EFC /* DeviceEnvironment.swift */; };
		FA75458E2AECF23C00B58EFC /* CommandViewModel.swift in Sources */ = {isa = PBXBuildFile; fileRef = FA75458D2AECF23C00B58EFC /* CommandViewModel.swift */; };
		FA7545902AED566A00B58EFC /* LetterStoreBase.swift in Sources */ = {isa = PBXBuildFile; fileRef = FA75458F2AED566A00B58EFC /* LetterStoreBase.swift */; };
		FA7545962AEE2C2200B58EFC /* ValidationError.swift in Sources */ = {isa = PBXBuildFile; fileRef = FA7545952AEE2C2200B58EFC /* ValidationError.swift */; };
		FA7545982AEE36E900B58EFC /* BoardViewModel.swift in Sources */ = {isa = PBXBuildFile; fileRef = FA7545972AEE36E900B58EFC /* BoardViewModel.swift */; };
		FA75459A2AEE39B600B58EFC /* RackViewModel.swift in Sources */ = {isa = PBXBuildFile; fileRef = FA7545992AEE39B600B58EFC /* RackViewModel.swift */; };
		FA75459C2AEE491100B58EFC /* CellView.swift in Sources */ = {isa = PBXBuildFile; fileRef = FA75459B2AEE491100B58EFC /* CellView.swift */; };
		FA75459F2AEE808800B58EFC /* BackenService.swift in Sources */ = {isa = PBXBuildFile; fileRef = FA75459E2AEE808800B58EFC /* BackenService.swift */; };
		FA8D0A732B04F69B00A1B038 /* UsersLinkModel.swift in Sources */ = {isa = PBXBuildFile; fileRef = FA8D0A722B04F69A00A1B038 /* UsersLinkModel.swift */; };
		FA8D0A752B0558D300A1B038 /* UserListView.swift in Sources */ = {isa = PBXBuildFile; fileRef = FA8D0A742B0558D200A1B038 /* UserListView.swift */; };
		FA8D0A792B05656000A1B038 /* UserListViewModel.swift in Sources */ = {isa = PBXBuildFile; fileRef = FA8D0A782B05656000A1B038 /* UserListViewModel.swift */; };
		FAB8724F2AA258610015D0FA /* Scrabble3App.swift in Sources */ = {isa = PBXBuildFile; fileRef = FAB8724E2AA258610015D0FA /* Scrabble3App.swift */; };
		FAB872512AA258610015D0FA /* RootView.swift in Sources */ = {isa = PBXBuildFile; fileRef = FAB872502AA258610015D0FA /* RootView.swift */; };
		FAB872532AA2586B0015D0FA /* Assets.xcassets in Resources */ = {isa = PBXBuildFile; fileRef = FAB872522AA2586B0015D0FA /* Assets.xcassets */; };
		FAB872562AA2586B0015D0FA /* Preview Assets.xcassets in Resources */ = {isa = PBXBuildFile; fileRef = FAB872552AA2586B0015D0FA /* Preview Assets.xcassets */; };
		FAB872602AA2586C0015D0FA /* Scrabble3Tests.swift in Sources */ = {isa = PBXBuildFile; fileRef = FAB8725F2AA2586C0015D0FA /* Scrabble3Tests.swift */; };
		FAB8726A2AA2586C0015D0FA /* Scrabble3UITests.swift in Sources */ = {isa = PBXBuildFile; fileRef = FAB872692AA2586C0015D0FA /* Scrabble3UITests.swift */; };
		FAB8726C2AA2586C0015D0FA /* Scrabble3UITestsLaunchTests.swift in Sources */ = {isa = PBXBuildFile; fileRef = FAB8726B2AA2586C0015D0FA /* Scrabble3UITestsLaunchTests.swift */; };
		FAC114B52AD1AA07001152D8 /* LoginView.swift in Sources */ = {isa = PBXBuildFile; fileRef = FAC114B42AD1AA07001152D8 /* LoginView.swift */; };
		FAC114B72AD1AA6C001152D8 /* RegistrationView.swift in Sources */ = {isa = PBXBuildFile; fileRef = FAC114B62AD1AA6C001152D8 /* RegistrationView.swift */; };
		FAC114BA2AD1AB3D001152D8 /* AuthenticationView.swift in Sources */ = {isa = PBXBuildFile; fileRef = FAC114B92AD1AB3D001152D8 /* AuthenticationView.swift */; };
		FAC114BD2AD1AC65001152D8 /* TextInputView.swift in Sources */ = {isa = PBXBuildFile; fileRef = FAC114BC2AD1AC65001152D8 /* TextInputView.swift */; };
		FAC469EA2AD34BDD00AB3A8E /* FirebaseAuth in Frameworks */ = {isa = PBXBuildFile; productRef = FAC469E92AD34BDD00AB3A8E /* FirebaseAuth */; };
		FAC469EE2AD34BF800AB3A8E /* FirebaseFirestoreSwift in Frameworks */ = {isa = PBXBuildFile; productRef = FAC469ED2AD34BF800AB3A8E /* FirebaseFirestoreSwift */; };
		FAC469F02AD34C7C00AB3A8E /* FirebaseFirestore in Frameworks */ = {isa = PBXBuildFile; productRef = FAC469EF2AD34C7C00AB3A8E /* FirebaseFirestore */; };
		FAC469F52AD3D9AA00AB3A8E /* UserManager.swift in Sources */ = {isa = PBXBuildFile; fileRef = FAC469F42AD3D9AA00AB3A8E /* UserManager.swift */; };
		FAC469FC2AD3FE2E00AB3A8E /* ProfileView.swift in Sources */ = {isa = PBXBuildFile; fileRef = FAC469FB2AD3FE2E00AB3A8E /* ProfileView.swift */; };
		FAC469FE2AD402F700AB3A8E /* SettingsRowView.swift in Sources */ = {isa = PBXBuildFile; fileRef = FAC469FD2AD402F700AB3A8E /* SettingsRowView.swift */; };
		FAC46A002AD4590100AB3A8E /* AuthWithEmailViewModel.swift in Sources */ = {isa = PBXBuildFile; fileRef = FAC469FF2AD4590100AB3A8E /* AuthWithEmailViewModel.swift */; };
		FAC46A022AD4AB9700AB3A8E /* FirebaseAuthCombine-Community in Frameworks */ = {isa = PBXBuildFile; productRef = FAC46A012AD4AB9700AB3A8E /* FirebaseAuthCombine-Community */; };
		FAC5BC4D2AFE28C7009FDD86 /* Dic in Resources */ = {isa = PBXBuildFile; fileRef = FAC5BC4C2AFE28C7009FDD86 /* Dic */; };
		FAD97C802B0653030032BAFC /* UserContactsView.swift in Sources */ = {isa = PBXBuildFile; fileRef = FAD97C7F2B0653030032BAFC /* UserContactsView.swift */; };
		FAD97C822B069F410032BAFC /* UserContactsViewModel.swift in Sources */ = {isa = PBXBuildFile; fileRef = FAD97C812B069F410032BAFC /* UserContactsViewModel.swift */; };
		FAE962212AE56C4300BAAC7B /* ActionButton.swift in Sources */ = {isa = PBXBuildFile; fileRef = FAE962202AE56C4300BAAC7B /* ActionButton.swift */; };
		FAE962252AE5A75200BAAC7B /* GamePlayView.swift in Sources */ = {isa = PBXBuildFile; fileRef = FAE962242AE5A75200BAAC7B /* GamePlayView.swift */; };
		FAE962272AE641F300BAAC7B /* ChangePasswordView.swift in Sources */ = {isa = PBXBuildFile; fileRef = FAE962262AE641F300BAAC7B /* ChangePasswordView.swift */; };
/* End PBXBuildFile section */

/* Begin PBXContainerItemProxy section */
		FAB8725C2AA2586C0015D0FA /* PBXContainerItemProxy */ = {
			isa = PBXContainerItemProxy;
			containerPortal = FAB872432AA258610015D0FA /* Project object */;
			proxyType = 1;
			remoteGlobalIDString = FAB8724A2AA258610015D0FA;
			remoteInfo = Scrabble3;
		};
		FAB872662AA2586C0015D0FA /* PBXContainerItemProxy */ = {
			isa = PBXContainerItemProxy;
			containerPortal = FAB872432AA258610015D0FA /* Project object */;
			proxyType = 1;
			remoteGlobalIDString = FAB8724A2AA258610015D0FA;
			remoteInfo = Scrabble3;
		};
/* End PBXContainerItemProxy section */

/* Begin PBXFileReference section */
		FA024E272AA392AF0099BAAA /* GoogleService-Info.plist */ = {isa = PBXFileReference; fileEncoding = 4; lastKnownFileType = text.plist.xml; path = "GoogleService-Info.plist"; sourceTree = "<group>"; };
		FA4F5E1E2AD2F13900A39306 /* AuthenticationManager.swift */ = {isa = PBXFileReference; lastKnownFileType = sourcecode.swift; path = AuthenticationManager.swift; sourceTree = "<group>"; };
		FA56A06E2B0F40DA0089C405 /* ArchivedGameListView.swift */ = {isa = PBXFileReference; lastKnownFileType = sourcecode.swift; path = ArchivedGameListView.swift; sourceTree = "<group>"; };
		FA56A0702B0F40F20089C405 /* ArchivedGameListViewModel.swift */ = {isa = PBXFileReference; lastKnownFileType = sourcecode.swift; path = ArchivedGameListViewModel.swift; sourceTree = "<group>"; };
		FA56A0722B14FF590089C405 /* LocalDictService.swift */ = {isa = PBXFileReference; lastKnownFileType = sourcecode.swift; path = LocalDictService.swift; sourceTree = "<group>"; };
		FA592C582ADA8A1D00BAFF8F /* ErrorStore.swift */ = {isa = PBXFileReference; lastKnownFileType = sourcecode.swift; path = ErrorStore.swift; sourceTree = "<group>"; };
		FA592C5A2ADB144B00BAFF8F /* GameListView.swift */ = {isa = PBXFileReference; lastKnownFileType = sourcecode.swift; path = GameListView.swift; sourceTree = "<group>"; };
		FA592C5F2ADB39A700BAFF8F /* GameManager.swift */ = {isa = PBXFileReference; lastKnownFileType = sourcecode.swift; path = GameManager.swift; sourceTree = "<group>"; };
		FA592C622ADBB15C00BAFF8F /* Query+EXT.swift */ = {isa = PBXFileReference; lastKnownFileType = sourcecode.swift; path = "Query+EXT.swift"; sourceTree = "<group>"; };
		FA592C642ADBB26800BAFF8F /* GameListViewModel.swift */ = {isa = PBXFileReference; lastKnownFileType = sourcecode.swift; path = GameListViewModel.swift; sourceTree = "<group>"; };
		FA592C662ADBDEA500BAFF8F /* GameInfoView.swift */ = {isa = PBXFileReference; lastKnownFileType = sourcecode.swift; path = GameInfoView.swift; sourceTree = "<group>"; };
		FA592C682ADBDFB800BAFF8F /* GameInfoViewModel.swift */ = {isa = PBXFileReference; lastKnownFileType = sourcecode.swift; path = GameInfoViewModel.swift; sourceTree = "<group>"; };
		FA6483252AF24C0900A9DBAA /* AsteriskDialogView.swift */ = {isa = PBXFileReference; lastKnownFileType = sourcecode.swift; path = AsteriskDialogView.swift; sourceTree = "<group>"; };
		FA6483272AF39CA100A9DBAA /* Utils.swift */ = {isa = PBXFileReference; lastKnownFileType = sourcecode.swift; path = Utils.swift; sourceTree = "<group>"; };
		FA6483292AF4FA4500A9DBAA /* MoveInfoDialogView.swift */ = {isa = PBXFileReference; lastKnownFileType = sourcecode.swift; path = MoveInfoDialogView.swift; sourceTree = "<group>"; };
		FA64832B2AF5282100A9DBAA /* PlayerModel.swift */ = {isa = PBXFileReference; lastKnownFileType = sourcecode.swift; path = PlayerModel.swift; sourceTree = "<group>"; };
		FA6E7F7C2B01424F00F0C6AC /* GameResultView.swift */ = {isa = PBXFileReference; lastKnownFileType = sourcecode.swift; path = GameResultView.swift; sourceTree = "<group>"; };
		FA7247972B0B6B0100AF3FA1 /* UserContactRowView.swift */ = {isa = PBXFileReference; lastKnownFileType = sourcecode.swift; path = UserContactRowView.swift; sourceTree = "<group>"; };
		FA7545752AEA549200B58EFC /* MoveManager.swift */ = {isa = PBXFileReference; lastKnownFileType = sourcecode.swift; path = MoveManager.swift; sourceTree = "<group>"; };
		FA7545782AEA584100B58EFC /* GameModel.swift */ = {isa = PBXFileReference; lastKnownFileType = sourcecode.swift; path = GameModel.swift; sourceTree = "<group>"; };
		FA75457A2AEA589000B58EFC /* WordModel.swift */ = {isa = PBXFileReference; lastKnownFileType = sourcecode.swift; path = WordModel.swift; sourceTree = "<group>"; };
		FA75457C2AEA589D00B58EFC /* MoveModel.swift */ = {isa = PBXFileReference; lastKnownFileType = sourcecode.swift; path = MoveModel.swift; sourceTree = "<group>"; };
		FA75457E2AEA58AA00B58EFC /* CellModel.swift */ = {isa = PBXFileReference; lastKnownFileType = sourcecode.swift; path = CellModel.swift; sourceTree = "<group>"; };
		FA7545802AEACFE600B58EFC /* LetterTileModel.swift */ = {isa = PBXFileReference; lastKnownFileType = sourcecode.swift; path = LetterTileModel.swift; sourceTree = "<group>"; };
		FA7545822AEC046C00B58EFC /* BoardView.swift */ = {isa = PBXFileReference; lastKnownFileType = sourcecode.swift; path = BoardView.swift; sourceTree = "<group>"; };
		FA7545842AEC048D00B58EFC /* RackView.swift */ = {isa = PBXFileReference; lastKnownFileType = sourcecode.swift; path = RackView.swift; sourceTree = "<group>"; };
		FA7545862AEC04B400B58EFC /* CommandView.swift */ = {isa = PBXFileReference; lastKnownFileType = sourcecode.swift; path = CommandView.swift; sourceTree = "<group>"; };
		FA7545882AEC05F100B58EFC /* DeviceEnvironment.swift */ = {isa = PBXFileReference; lastKnownFileType = sourcecode.swift; path = DeviceEnvironment.swift; sourceTree = "<group>"; };
		FA75458D2AECF23C00B58EFC /* CommandViewModel.swift */ = {isa = PBXFileReference; lastKnownFileType = sourcecode.swift; path = CommandViewModel.swift; sourceTree = "<group>"; };
		FA75458F2AED566A00B58EFC /* LetterStoreBase.swift */ = {isa = PBXFileReference; lastKnownFileType = sourcecode.swift; path = LetterStoreBase.swift; sourceTree = "<group>"; };
		FA7545952AEE2C2200B58EFC /* ValidationError.swift */ = {isa = PBXFileReference; lastKnownFileType = sourcecode.swift; path = ValidationError.swift; sourceTree = "<group>"; };
		FA7545972AEE36E900B58EFC /* BoardViewModel.swift */ = {isa = PBXFileReference; lastKnownFileType = sourcecode.swift; path = BoardViewModel.swift; sourceTree = "<group>"; };
		FA7545992AEE39B600B58EFC /* RackViewModel.swift */ = {isa = PBXFileReference; lastKnownFileType = sourcecode.swift; path = RackViewModel.swift; sourceTree = "<group>"; };
		FA75459B2AEE491100B58EFC /* CellView.swift */ = {isa = PBXFileReference; lastKnownFileType = sourcecode.swift; path = CellView.swift; sourceTree = "<group>"; };
		FA75459D2AEE5B0F00B58EFC /* Info.plist */ = {isa = PBXFileReference; lastKnownFileType = text.plist; path = Info.plist; sourceTree = "<group>"; };
		FA75459E2AEE808800B58EFC /* BackenService.swift */ = {isa = PBXFileReference; lastKnownFileType = sourcecode.swift; path = BackenService.swift; sourceTree = "<group>"; };
		FA8D0A722B04F69A00A1B038 /* UsersLinkModel.swift */ = {isa = PBXFileReference; lastKnownFileType = sourcecode.swift; path = UsersLinkModel.swift; sourceTree = "<group>"; };
		FA8D0A742B0558D200A1B038 /* UserListView.swift */ = {isa = PBXFileReference; lastKnownFileType = sourcecode.swift; path = UserListView.swift; sourceTree = "<group>"; };
		FA8D0A782B05656000A1B038 /* UserListViewModel.swift */ = {isa = PBXFileReference; lastKnownFileType = sourcecode.swift; path = UserListViewModel.swift; sourceTree = "<group>"; };
		FAB8724B2AA258610015D0FA /* Scrabble3.app */ = {isa = PBXFileReference; explicitFileType = wrapper.application; includeInIndex = 0; path = Scrabble3.app; sourceTree = BUILT_PRODUCTS_DIR; };
		FAB8724E2AA258610015D0FA /* Scrabble3App.swift */ = {isa = PBXFileReference; lastKnownFileType = sourcecode.swift; path = Scrabble3App.swift; sourceTree = "<group>"; };
		FAB872502AA258610015D0FA /* RootView.swift */ = {isa = PBXFileReference; lastKnownFileType = sourcecode.swift; path = RootView.swift; sourceTree = "<group>"; };
		FAB872522AA2586B0015D0FA /* Assets.xcassets */ = {isa = PBXFileReference; lastKnownFileType = folder.assetcatalog; path = Assets.xcassets; sourceTree = "<group>"; };
		FAB872552AA2586B0015D0FA /* Preview Assets.xcassets */ = {isa = PBXFileReference; lastKnownFileType = folder.assetcatalog; path = "Preview Assets.xcassets"; sourceTree = "<group>"; };
		FAB8725B2AA2586C0015D0FA /* Scrabble3Tests.xctest */ = {isa = PBXFileReference; explicitFileType = wrapper.cfbundle; includeInIndex = 0; path = Scrabble3Tests.xctest; sourceTree = BUILT_PRODUCTS_DIR; };
		FAB8725F2AA2586C0015D0FA /* Scrabble3Tests.swift */ = {isa = PBXFileReference; lastKnownFileType = sourcecode.swift; path = Scrabble3Tests.swift; sourceTree = "<group>"; };
		FAB872652AA2586C0015D0FA /* Scrabble3UITests.xctest */ = {isa = PBXFileReference; explicitFileType = wrapper.cfbundle; includeInIndex = 0; path = Scrabble3UITests.xctest; sourceTree = BUILT_PRODUCTS_DIR; };
		FAB872692AA2586C0015D0FA /* Scrabble3UITests.swift */ = {isa = PBXFileReference; lastKnownFileType = sourcecode.swift; path = Scrabble3UITests.swift; sourceTree = "<group>"; };
		FAB8726B2AA2586C0015D0FA /* Scrabble3UITestsLaunchTests.swift */ = {isa = PBXFileReference; lastKnownFileType = sourcecode.swift; path = Scrabble3UITestsLaunchTests.swift; sourceTree = "<group>"; };
		FAC114B42AD1AA07001152D8 /* LoginView.swift */ = {isa = PBXFileReference; lastKnownFileType = sourcecode.swift; path = LoginView.swift; sourceTree = "<group>"; };
		FAC114B62AD1AA6C001152D8 /* RegistrationView.swift */ = {isa = PBXFileReference; lastKnownFileType = sourcecode.swift; path = RegistrationView.swift; sourceTree = "<group>"; };
		FAC114B92AD1AB3D001152D8 /* AuthenticationView.swift */ = {isa = PBXFileReference; lastKnownFileType = sourcecode.swift; path = AuthenticationView.swift; sourceTree = "<group>"; };
		FAC114BC2AD1AC65001152D8 /* TextInputView.swift */ = {isa = PBXFileReference; lastKnownFileType = sourcecode.swift; path = TextInputView.swift; sourceTree = "<group>"; };
		FAC469F42AD3D9AA00AB3A8E /* UserManager.swift */ = {isa = PBXFileReference; lastKnownFileType = sourcecode.swift; path = UserManager.swift; sourceTree = "<group>"; };
		FAC469FB2AD3FE2E00AB3A8E /* ProfileView.swift */ = {isa = PBXFileReference; lastKnownFileType = sourcecode.swift; path = ProfileView.swift; sourceTree = "<group>"; };
		FAC469FD2AD402F700AB3A8E /* SettingsRowView.swift */ = {isa = PBXFileReference; lastKnownFileType = sourcecode.swift; path = SettingsRowView.swift; sourceTree = "<group>"; };
		FAC469FF2AD4590100AB3A8E /* AuthWithEmailViewModel.swift */ = {isa = PBXFileReference; lastKnownFileType = sourcecode.swift; path = AuthWithEmailViewModel.swift; sourceTree = "<group>"; };
		FAC5BC4C2AFE28C7009FDD86 /* Dic */ = {isa = PBXFileReference; lastKnownFileType = folder; path = Dic; sourceTree = "<group>"; };
		FAD97C7F2B0653030032BAFC /* UserContactsView.swift */ = {isa = PBXFileReference; lastKnownFileType = sourcecode.swift; path = UserContactsView.swift; sourceTree = "<group>"; };
		FAD97C812B069F410032BAFC /* UserContactsViewModel.swift */ = {isa = PBXFileReference; lastKnownFileType = sourcecode.swift; path = UserContactsViewModel.swift; sourceTree = "<group>"; };
		FAE962202AE56C4300BAAC7B /* ActionButton.swift */ = {isa = PBXFileReference; lastKnownFileType = sourcecode.swift; path = ActionButton.swift; sourceTree = "<group>"; };
		FAE962242AE5A75200BAAC7B /* GamePlayView.swift */ = {isa = PBXFileReference; lastKnownFileType = sourcecode.swift; path = GamePlayView.swift; sourceTree = "<group>"; };
		FAE962262AE641F300BAAC7B /* ChangePasswordView.swift */ = {isa = PBXFileReference; lastKnownFileType = sourcecode.swift; path = ChangePasswordView.swift; sourceTree = "<group>"; };
/* End PBXFileReference section */

/* Begin PBXFrameworksBuildPhase section */
		FAB872482AA258610015D0FA /* Frameworks */ = {
			isa = PBXFrameworksBuildPhase;
			buildActionMask = 2147483647;
			files = (
				FA4F5E1D2AD2E71C00A39306 /* FirebaseAnalyticsSwift in Frameworks */,
				FAC46A022AD4AB9700AB3A8E /* FirebaseAuthCombine-Community in Frameworks */,
				FAC469EA2AD34BDD00AB3A8E /* FirebaseAuth in Frameworks */,
				FA4F5E1B2AD2E71C00A39306 /* FirebaseAnalytics in Frameworks */,
				FAC469F02AD34C7C00AB3A8E /* FirebaseFirestore in Frameworks */,
				FAC469EE2AD34BF800AB3A8E /* FirebaseFirestoreSwift in Frameworks */,
			);
			runOnlyForDeploymentPostprocessing = 0;
		};
		FAB872582AA2586C0015D0FA /* Frameworks */ = {
			isa = PBXFrameworksBuildPhase;
			buildActionMask = 2147483647;
			files = (
			);
			runOnlyForDeploymentPostprocessing = 0;
		};
		FAB872622AA2586C0015D0FA /* Frameworks */ = {
			isa = PBXFrameworksBuildPhase;
			buildActionMask = 2147483647;
			files = (
			);
			runOnlyForDeploymentPostprocessing = 0;
		};
/* End PBXFrameworksBuildPhase section */

/* Begin PBXGroup section */
		FA592C572ADA8A0700BAFF8F /* Util */ = {
			isa = PBXGroup;
			children = (
				FA592C582ADA8A1D00BAFF8F /* ErrorStore.swift */,
				FA7545882AEC05F100B58EFC /* DeviceEnvironment.swift */,
				FA75459E2AEE808800B58EFC /* BackenService.swift */,
				FA6483272AF39CA100A9DBAA /* Utils.swift */,
				FA56A0722B14FF590089C405 /* LocalDictService.swift */,
			);
			path = Util;
			sourceTree = "<group>";
		};
		FA592C5C2ADB1F7400BAFF8F /* Game */ = {
			isa = PBXGroup;
			children = (
				FA592C5E2ADB1F9000BAFF8F /* Views */,
				FA592C5D2ADB1F8300BAFF8F /* ViewModels */,
			);
			path = Game;
			sourceTree = "<group>";
		};
		FA592C5D2ADB1F8300BAFF8F /* ViewModels */ = {
			isa = PBXGroup;
			children = (
				FA592C642ADBB26800BAFF8F /* GameListViewModel.swift */,
				FA592C682ADBDFB800BAFF8F /* GameInfoViewModel.swift */,
			);
			path = ViewModels;
			sourceTree = "<group>";
		};
		FA592C5E2ADB1F9000BAFF8F /* Views */ = {
			isa = PBXGroup;
			children = (
				FA592C5A2ADB144B00BAFF8F /* GameListView.swift */,
				FA592C662ADBDEA500BAFF8F /* GameInfoView.swift */,
				FA6E7F7C2B01424F00F0C6AC /* GameResultView.swift */,
			);
			path = Views;
			sourceTree = "<group>";
		};
		FA592C612ADBB13A00BAFF8F /* Extensions */ = {
			isa = PBXGroup;
			children = (
				FA592C622ADBB15C00BAFF8F /* Query+EXT.swift */,
			);
			path = Extensions;
			sourceTree = "<group>";
		};
		FA7545772AEA582C00B58EFC /* Models */ = {
			isa = PBXGroup;
			children = (
				FA7545782AEA584100B58EFC /* GameModel.swift */,
				FA75457A2AEA589000B58EFC /* WordModel.swift */,
				FA75457C2AEA589D00B58EFC /* MoveModel.swift */,
				FA75457E2AEA58AA00B58EFC /* CellModel.swift */,
				FA7545802AEACFE600B58EFC /* LetterTileModel.swift */,
				FA75458F2AED566A00B58EFC /* LetterStoreBase.swift */,
				FA7545952AEE2C2200B58EFC /* ValidationError.swift */,
				FA64832B2AF5282100A9DBAA /* PlayerModel.swift */,
				FA8D0A722B04F69A00A1B038 /* UsersLinkModel.swift */,
			);
			path = Models;
			sourceTree = "<group>";
		};
		FA75458A2AECE98E00B58EFC /* ViewModels */ = {
			isa = PBXGroup;
			children = (
				FA75458D2AECF23C00B58EFC /* CommandViewModel.swift */,
				FA7545972AEE36E900B58EFC /* BoardViewModel.swift */,
				FA7545992AEE39B600B58EFC /* RackViewModel.swift */,
			);
			path = ViewModels;
			sourceTree = "<group>";
		};
		FA8D0A762B05653600A1B038 /* Views */ = {
			isa = PBXGroup;
			children = (
				FAC469FB2AD3FE2E00AB3A8E /* ProfileView.swift */,
				FA8D0A742B0558D200A1B038 /* UserListView.swift */,
				FAD97C7F2B0653030032BAFC /* UserContactsView.swift */,
				FA7247972B0B6B0100AF3FA1 /* UserContactRowView.swift */,
				FA56A06E2B0F40DA0089C405 /* ArchivedGameListView.swift */,
			);
			path = Views;
			sourceTree = "<group>";
		};
		FA8D0A772B05654800A1B038 /* ViewModel */ = {
			isa = PBXGroup;
			children = (
				FA8D0A782B05656000A1B038 /* UserListViewModel.swift */,
				FAD97C812B069F410032BAFC /* UserContactsViewModel.swift */,
				FA56A0702B0F40F20089C405 /* ArchivedGameListViewModel.swift */,
			);
			path = ViewModel;
			sourceTree = "<group>";
		};
		FAB872422AA258610015D0FA = {
			isa = PBXGroup;
			children = (
				FAB8724D2AA258610015D0FA /* Scrabble3 */,
				FAB8725E2AA2586C0015D0FA /* Scrabble3Tests */,
				FAB872682AA2586C0015D0FA /* Scrabble3UITests */,
				FAB8724C2AA258610015D0FA /* Products */,
				FAC469E82AD34BDD00AB3A8E /* Frameworks */,
			);
			sourceTree = "<group>";
		};
		FAB8724C2AA258610015D0FA /* Products */ = {
			isa = PBXGroup;
			children = (
				FAB8724B2AA258610015D0FA /* Scrabble3.app */,
				FAB8725B2AA2586C0015D0FA /* Scrabble3Tests.xctest */,
				FAB872652AA2586C0015D0FA /* Scrabble3UITests.xctest */,
			);
			name = Products;
			sourceTree = "<group>";
		};
		FAB8724D2AA258610015D0FA /* Scrabble3 */ = {
			isa = PBXGroup;
			children = (
				FAC5BC4C2AFE28C7009FDD86 /* Dic */,
				FA75459D2AEE5B0F00B58EFC /* Info.plist */,
				FA7545772AEA582C00B58EFC /* Models */,
				FA592C572ADA8A0700BAFF8F /* Util */,
				FAC469F92AD3FD1100AB3A8E /* Core */,
				FAC469F32AD3D98400AB3A8E /* Firebase */,
				FAC114BB2AD1AC44001152D8 /* Components */,
				FAC114B22AD1A9B3001152D8 /* Authentication */,
				FA024E272AA392AF0099BAAA /* GoogleService-Info.plist */,
				FAB8724E2AA258610015D0FA /* Scrabble3App.swift */,
				FAB872522AA2586B0015D0FA /* Assets.xcassets */,
				FAB872542AA2586B0015D0FA /* Preview Content */,
			);
			path = Scrabble3;
			sourceTree = "<group>";
		};
		FAB872542AA2586B0015D0FA /* Preview Content */ = {
			isa = PBXGroup;
			children = (
				FAB872552AA2586B0015D0FA /* Preview Assets.xcassets */,
			);
			path = "Preview Content";
			sourceTree = "<group>";
		};
		FAB8725E2AA2586C0015D0FA /* Scrabble3Tests */ = {
			isa = PBXGroup;
			children = (
				FAB8725F2AA2586C0015D0FA /* Scrabble3Tests.swift */,
			);
			path = Scrabble3Tests;
			sourceTree = "<group>";
		};
		FAB872682AA2586C0015D0FA /* Scrabble3UITests */ = {
			isa = PBXGroup;
			children = (
				FAB872692AA2586C0015D0FA /* Scrabble3UITests.swift */,
				FAB8726B2AA2586C0015D0FA /* Scrabble3UITestsLaunchTests.swift */,
			);
			path = Scrabble3UITests;
			sourceTree = "<group>";
		};
		FAC114B22AD1A9B3001152D8 /* Authentication */ = {
			isa = PBXGroup;
			children = (
				FAC114B82AD1AAC2001152D8 /* WithEmail */,
				FAC114B92AD1AB3D001152D8 /* AuthenticationView.swift */,
				FA4F5E1E2AD2F13900A39306 /* AuthenticationManager.swift */,
			);
			path = Authentication;
			sourceTree = "<group>";
		};
		FAC114B32AD1A9C6001152D8 /* Views */ = {
			isa = PBXGroup;
			children = (
				FAC114B42AD1AA07001152D8 /* LoginView.swift */,
				FAC114B62AD1AA6C001152D8 /* RegistrationView.swift */,
				FAE962262AE641F300BAAC7B /* ChangePasswordView.swift */,
			);
			path = Views;
			sourceTree = "<group>";
		};
		FAC114B82AD1AAC2001152D8 /* WithEmail */ = {
			isa = PBXGroup;
			children = (
				FAC469F82AD3EBEC00AB3A8E /* ViewModels */,
				FAC114B32AD1A9C6001152D8 /* Views */,
			);
			path = WithEmail;
			sourceTree = "<group>";
		};
		FAC114BB2AD1AC44001152D8 /* Components */ = {
			isa = PBXGroup;
			children = (
				FAC114BC2AD1AC65001152D8 /* TextInputView.swift */,
				FAC469FD2AD402F700AB3A8E /* SettingsRowView.swift */,
				FAE962202AE56C4300BAAC7B /* ActionButton.swift */,
			);
			path = Components;
			sourceTree = "<group>";
		};
		FAC469E82AD34BDD00AB3A8E /* Frameworks */ = {
			isa = PBXGroup;
			children = (
			);
			name = Frameworks;
			sourceTree = "<group>";
		};
		FAC469F32AD3D98400AB3A8E /* Firebase */ = {
			isa = PBXGroup;
			children = (
				FA592C612ADBB13A00BAFF8F /* Extensions */,
				FAC469F42AD3D9AA00AB3A8E /* UserManager.swift */,
				FA592C5F2ADB39A700BAFF8F /* GameManager.swift */,
				FA7545752AEA549200B58EFC /* MoveManager.swift */,
			);
			path = Firebase;
			sourceTree = "<group>";
		};
		FAC469F82AD3EBEC00AB3A8E /* ViewModels */ = {
			isa = PBXGroup;
			children = (
				FAC469FF2AD4590100AB3A8E /* AuthWithEmailViewModel.swift */,
			);
			path = ViewModels;
			sourceTree = "<group>";
		};
		FAC469F92AD3FD1100AB3A8E /* Core */ = {
			isa = PBXGroup;
			children = (
				FAE962222AE5A73400BAAC7B /* GamePlay */,
				FA592C5C2ADB1F7400BAFF8F /* Game */,
				FAC469FA2AD3FDD300AB3A8E /* Profile */,
				FAB872502AA258610015D0FA /* RootView.swift */,
			);
			path = Core;
			sourceTree = "<group>";
		};
		FAC469FA2AD3FDD300AB3A8E /* Profile */ = {
			isa = PBXGroup;
			children = (
				FA8D0A772B05654800A1B038 /* ViewModel */,
				FA8D0A762B05653600A1B038 /* Views */,
			);
			path = Profile;
			sourceTree = "<group>";
		};
		FAE962222AE5A73400BAAC7B /* GamePlay */ = {
			isa = PBXGroup;
			children = (
				FA75458A2AECE98E00B58EFC /* ViewModels */,
				FAE962232AE5A73F00BAAC7B /* Views */,
			);
			path = GamePlay;
			sourceTree = "<group>";
		};
		FAE962232AE5A73F00BAAC7B /* Views */ = {
			isa = PBXGroup;
			children = (
				FAE962242AE5A75200BAAC7B /* GamePlayView.swift */,
				FA7545822AEC046C00B58EFC /* BoardView.swift */,
				FA7545842AEC048D00B58EFC /* RackView.swift */,
				FA7545862AEC04B400B58EFC /* CommandView.swift */,
				FA75459B2AEE491100B58EFC /* CellView.swift */,
				FA6483252AF24C0900A9DBAA /* AsteriskDialogView.swift */,
				FA6483292AF4FA4500A9DBAA /* MoveInfoDialogView.swift */,
			);
			path = Views;
			sourceTree = "<group>";
		};
/* End PBXGroup section */

/* Begin PBXNativeTarget section */
		FAB8724A2AA258610015D0FA /* Scrabble3 */ = {
			isa = PBXNativeTarget;
			buildConfigurationList = FAB8726F2AA2586C0015D0FA /* Build configuration list for PBXNativeTarget "Scrabble3" */;
			buildPhases = (
				FAB872472AA258610015D0FA /* Sources */,
				FAB872482AA258610015D0FA /* Frameworks */,
				FAB872492AA258610015D0FA /* Resources */,
			);
			buildRules = (
			);
			dependencies = (
			);
			name = Scrabble3;
			packageProductDependencies = (
				FA4F5E1A2AD2E71C00A39306 /* FirebaseAnalytics */,
				FA4F5E1C2AD2E71C00A39306 /* FirebaseAnalyticsSwift */,
				FAC469E92AD34BDD00AB3A8E /* FirebaseAuth */,
				FAC469ED2AD34BF800AB3A8E /* FirebaseFirestoreSwift */,
				FAC469EF2AD34C7C00AB3A8E /* FirebaseFirestore */,
				FAC46A012AD4AB9700AB3A8E /* FirebaseAuthCombine-Community */,
			);
			productName = Scrabble3;
			productReference = FAB8724B2AA258610015D0FA /* Scrabble3.app */;
			productType = "com.apple.product-type.application";
		};
		FAB8725A2AA2586C0015D0FA /* Scrabble3Tests */ = {
			isa = PBXNativeTarget;
			buildConfigurationList = FAB872722AA2586C0015D0FA /* Build configuration list for PBXNativeTarget "Scrabble3Tests" */;
			buildPhases = (
				FAB872572AA2586C0015D0FA /* Sources */,
				FAB872582AA2586C0015D0FA /* Frameworks */,
				FAB872592AA2586C0015D0FA /* Resources */,
			);
			buildRules = (
			);
			dependencies = (
				FAB8725D2AA2586C0015D0FA /* PBXTargetDependency */,
			);
			name = Scrabble3Tests;
			productName = Scrabble3Tests;
			productReference = FAB8725B2AA2586C0015D0FA /* Scrabble3Tests.xctest */;
			productType = "com.apple.product-type.bundle.unit-test";
		};
		FAB872642AA2586C0015D0FA /* Scrabble3UITests */ = {
			isa = PBXNativeTarget;
			buildConfigurationList = FAB872752AA2586C0015D0FA /* Build configuration list for PBXNativeTarget "Scrabble3UITests" */;
			buildPhases = (
				FAB872612AA2586C0015D0FA /* Sources */,
				FAB872622AA2586C0015D0FA /* Frameworks */,
				FAB872632AA2586C0015D0FA /* Resources */,
			);
			buildRules = (
			);
			dependencies = (
				FAB872672AA2586C0015D0FA /* PBXTargetDependency */,
			);
			name = Scrabble3UITests;
			productName = Scrabble3UITests;
			productReference = FAB872652AA2586C0015D0FA /* Scrabble3UITests.xctest */;
			productType = "com.apple.product-type.bundle.ui-testing";
		};
/* End PBXNativeTarget section */

/* Begin PBXProject section */
		FAB872432AA258610015D0FA /* Project object */ = {
			isa = PBXProject;
			attributes = {
				BuildIndependentTargetsInParallel = 1;
				LastSwiftUpdateCheck = 1430;
				LastUpgradeCheck = 1500;
				TargetAttributes = {
					FAB8724A2AA258610015D0FA = {
						CreatedOnToolsVersion = 14.3.1;
					};
					FAB8725A2AA2586C0015D0FA = {
						CreatedOnToolsVersion = 14.3.1;
						TestTargetID = FAB8724A2AA258610015D0FA;
					};
					FAB872642AA2586C0015D0FA = {
						CreatedOnToolsVersion = 14.3.1;
						TestTargetID = FAB8724A2AA258610015D0FA;
					};
				};
			};
			buildConfigurationList = FAB872462AA258610015D0FA /* Build configuration list for PBXProject "Scrabble3" */;
			compatibilityVersion = "Xcode 14.0";
			developmentRegion = en;
			hasScannedForEncodings = 0;
			knownRegions = (
				en,
				Base,
			);
			mainGroup = FAB872422AA258610015D0FA;
			packageReferences = (
				FA4F5E192AD2E71C00A39306 /* XCRemoteSwiftPackageReference "firebase-ios-sdk" */,
			);
			productRefGroup = FAB8724C2AA258610015D0FA /* Products */;
			projectDirPath = "";
			projectRoot = "";
			targets = (
				FAB8724A2AA258610015D0FA /* Scrabble3 */,
				FAB8725A2AA2586C0015D0FA /* Scrabble3Tests */,
				FAB872642AA2586C0015D0FA /* Scrabble3UITests */,
			);
		};
/* End PBXProject section */

/* Begin PBXResourcesBuildPhase section */
		FAB872492AA258610015D0FA /* Resources */ = {
			isa = PBXResourcesBuildPhase;
			buildActionMask = 2147483647;
			files = (
				FAC5BC4D2AFE28C7009FDD86 /* Dic in Resources */,
				FAB872562AA2586B0015D0FA /* Preview Assets.xcassets in Resources */,
				FAB872532AA2586B0015D0FA /* Assets.xcassets in Resources */,
				FA024E282AA392B00099BAAA /* GoogleService-Info.plist in Resources */,
			);
			runOnlyForDeploymentPostprocessing = 0;
		};
		FAB872592AA2586C0015D0FA /* Resources */ = {
			isa = PBXResourcesBuildPhase;
			buildActionMask = 2147483647;
			files = (
			);
			runOnlyForDeploymentPostprocessing = 0;
		};
		FAB872632AA2586C0015D0FA /* Resources */ = {
			isa = PBXResourcesBuildPhase;
			buildActionMask = 2147483647;
			files = (
			);
			runOnlyForDeploymentPostprocessing = 0;
		};
/* End PBXResourcesBuildPhase section */

/* Begin PBXSourcesBuildPhase section */
		FAB872472AA258610015D0FA /* Sources */ = {
			isa = PBXSourcesBuildPhase;
			buildActionMask = 2147483647;
			files = (
				FA592C632ADBB15C00BAFF8F /* Query+EXT.swift in Sources */,
				FA8D0A752B0558D300A1B038 /* UserListView.swift in Sources */,
				FAE962272AE641F300BAAC7B /* ChangePasswordView.swift in Sources */,
				FA6E7F7D2B01424F00F0C6AC /* GameResultView.swift in Sources */,
				FA592C672ADBDEA600BAFF8F /* GameInfoView.swift in Sources */,
				FAC469F52AD3D9AA00AB3A8E /* UserManager.swift in Sources */,
				FA8D0A732B04F69B00A1B038 /* UsersLinkModel.swift in Sources */,
				FA7545902AED566A00B58EFC /* LetterStoreBase.swift in Sources */,
				FA7545762AEA549200B58EFC /* MoveManager.swift in Sources */,
				FAC114B52AD1AA07001152D8 /* LoginView.swift in Sources */,
				FA75457D2AEA589D00B58EFC /* MoveModel.swift in Sources */,
				FA64832A2AF4FA4500A9DBAA /* MoveInfoDialogView.swift in Sources */,
				FAC46A002AD4590100AB3A8E /* AuthWithEmailViewModel.swift in Sources */,
				FA75459F2AEE808800B58EFC /* BackenService.swift in Sources */,
				FA7545872AEC04B400B58EFC /* CommandView.swift in Sources */,
				FA75457B2AEA589000B58EFC /* WordModel.swift in Sources */,
				FA592C652ADBB26800BAFF8F /* GameListViewModel.swift in Sources */,
				FA592C602ADB39A800BAFF8F /* GameManager.swift in Sources */,
				FA7247982B0B6B0100AF3FA1 /* UserContactRowView.swift in Sources */,
				FA7545792AEA584100B58EFC /* GameModel.swift in Sources */,
				FA6483282AF39CA100A9DBAA /* Utils.swift in Sources */,
				FA56A0732B14FF590089C405 /* LocalDictService.swift in Sources */,
				FAB872512AA258610015D0FA /* RootView.swift in Sources */,
				FA8D0A792B05656000A1B038 /* UserListViewModel.swift in Sources */,
				FA7545892AEC05F100B58EFC /* DeviceEnvironment.swift in Sources */,
				FAD97C822B069F410032BAFC /* UserContactsViewModel.swift in Sources */,
				FA7545962AEE2C2200B58EFC /* ValidationError.swift in Sources */,
				FA4F5E1F2AD2F13900A39306 /* AuthenticationManager.swift in Sources */,
				FA75459C2AEE491100B58EFC /* CellView.swift in Sources */,
				FA6483262AF24C0900A9DBAA /* AsteriskDialogView.swift in Sources */,
				FAC114BD2AD1AC65001152D8 /* TextInputView.swift in Sources */,
				FA7545812AEACFE600B58EFC /* LetterTileModel.swift in Sources */,
				FAE962212AE56C4300BAAC7B /* ActionButton.swift in Sources */,
				FA7545852AEC048D00B58EFC /* RackView.swift in Sources */,
				FA75459A2AEE39B600B58EFC /* RackViewModel.swift in Sources */,
				FA7545982AEE36E900B58EFC /* BoardViewModel.swift in Sources */,
				FAB8724F2AA258610015D0FA /* Scrabble3App.swift in Sources */,
				FA64832C2AF5282100A9DBAA /* PlayerModel.swift in Sources */,
				FAC469FE2AD402F700AB3A8E /* SettingsRowView.swift in Sources */,
				FAC114B72AD1AA6C001152D8 /* RegistrationView.swift in Sources */,
				FA56A0712B0F40F20089C405 /* ArchivedGameListViewModel.swift in Sources */,
				FAC469FC2AD3FE2E00AB3A8E /* ProfileView.swift in Sources */,
				FA7545832AEC046C00B58EFC /* BoardView.swift in Sources */,
				FA592C5B2ADB144B00BAFF8F /* GameListView.swift in Sources */,
				FA592C692ADBDFB800BAFF8F /* GameInfoViewModel.swift in Sources */,
				FAD97C802B0653030032BAFC /* UserContactsView.swift in Sources */,
				FAE962252AE5A75200BAAC7B /* GamePlayView.swift in Sources */,
				FA75458E2AECF23C00B58EFC /* CommandViewModel.swift in Sources */,
				FA75457F2AEA58AA00B58EFC /* CellModel.swift in Sources */,
				FA592C592ADA8A1D00BAFF8F /* ErrorStore.swift in Sources */,
				FA56A06F2B0F40DA0089C405 /* ArchivedGameListView.swift in Sources */,
				FAC114BA2AD1AB3D001152D8 /* AuthenticationView.swift in Sources */,
			);
			runOnlyForDeploymentPostprocessing = 0;
		};
		FAB872572AA2586C0015D0FA /* Sources */ = {
			isa = PBXSourcesBuildPhase;
			buildActionMask = 2147483647;
			files = (
				FAB872602AA2586C0015D0FA /* Scrabble3Tests.swift in Sources */,
			);
			runOnlyForDeploymentPostprocessing = 0;
		};
		FAB872612AA2586C0015D0FA /* Sources */ = {
			isa = PBXSourcesBuildPhase;
			buildActionMask = 2147483647;
			files = (
				FAB8726C2AA2586C0015D0FA /* Scrabble3UITestsLaunchTests.swift in Sources */,
				FAB8726A2AA2586C0015D0FA /* Scrabble3UITests.swift in Sources */,
			);
			runOnlyForDeploymentPostprocessing = 0;
		};
/* End PBXSourcesBuildPhase section */

/* Begin PBXTargetDependency section */
		FAB8725D2AA2586C0015D0FA /* PBXTargetDependency */ = {
			isa = PBXTargetDependency;
			target = FAB8724A2AA258610015D0FA /* Scrabble3 */;
			targetProxy = FAB8725C2AA2586C0015D0FA /* PBXContainerItemProxy */;
		};
		FAB872672AA2586C0015D0FA /* PBXTargetDependency */ = {
			isa = PBXTargetDependency;
			target = FAB8724A2AA258610015D0FA /* Scrabble3 */;
			targetProxy = FAB872662AA2586C0015D0FA /* PBXContainerItemProxy */;
		};
/* End PBXTargetDependency section */

/* Begin XCBuildConfiguration section */
		FAB8726D2AA2586C0015D0FA /* Debug */ = {
			isa = XCBuildConfiguration;
			buildSettings = {
				ALWAYS_SEARCH_USER_PATHS = NO;
				ASSETCATALOG_COMPILER_GENERATE_SWIFT_ASSET_SYMBOL_EXTENSIONS = YES;
				CLANG_ANALYZER_NONNULL = YES;
				CLANG_ANALYZER_NUMBER_OBJECT_CONVERSION = YES_AGGRESSIVE;
				CLANG_CXX_LANGUAGE_STANDARD = "gnu++20";
				CLANG_ENABLE_MODULES = YES;
				CLANG_ENABLE_OBJC_ARC = YES;
				CLANG_ENABLE_OBJC_WEAK = YES;
				CLANG_WARN_BLOCK_CAPTURE_AUTORELEASING = YES;
				CLANG_WARN_BOOL_CONVERSION = YES;
				CLANG_WARN_COMMA = YES;
				CLANG_WARN_CONSTANT_CONVERSION = YES;
				CLANG_WARN_DEPRECATED_OBJC_IMPLEMENTATIONS = YES;
				CLANG_WARN_DIRECT_OBJC_ISA_USAGE = YES_ERROR;
				CLANG_WARN_DOCUMENTATION_COMMENTS = YES;
				CLANG_WARN_EMPTY_BODY = YES;
				CLANG_WARN_ENUM_CONVERSION = YES;
				CLANG_WARN_INFINITE_RECURSION = YES;
				CLANG_WARN_INT_CONVERSION = YES;
				CLANG_WARN_NON_LITERAL_NULL_CONVERSION = YES;
				CLANG_WARN_OBJC_IMPLICIT_RETAIN_SELF = YES;
				CLANG_WARN_OBJC_LITERAL_CONVERSION = YES;
				CLANG_WARN_OBJC_ROOT_CLASS = YES_ERROR;
				CLANG_WARN_QUOTED_INCLUDE_IN_FRAMEWORK_HEADER = YES;
				CLANG_WARN_RANGE_LOOP_ANALYSIS = YES;
				CLANG_WARN_STRICT_PROTOTYPES = YES;
				CLANG_WARN_SUSPICIOUS_MOVE = YES;
				CLANG_WARN_UNGUARDED_AVAILABILITY = YES_AGGRESSIVE;
				CLANG_WARN_UNREACHABLE_CODE = YES;
				CLANG_WARN__DUPLICATE_METHOD_MATCH = YES;
				COPY_PHASE_STRIP = NO;
				DEBUG_INFORMATION_FORMAT = dwarf;
				ENABLE_STRICT_OBJC_MSGSEND = YES;
				ENABLE_TESTABILITY = YES;
				ENABLE_USER_SCRIPT_SANDBOXING = YES;
				GCC_C_LANGUAGE_STANDARD = gnu11;
				GCC_DYNAMIC_NO_PIC = NO;
				GCC_NO_COMMON_BLOCKS = YES;
				GCC_OPTIMIZATION_LEVEL = 0;
				GCC_PREPROCESSOR_DEFINITIONS = (
					"DEBUG=1",
					"$(inherited)",
				);
				GCC_WARN_64_TO_32_BIT_CONVERSION = YES;
				GCC_WARN_ABOUT_RETURN_TYPE = YES_ERROR;
				GCC_WARN_UNDECLARED_SELECTOR = YES;
				GCC_WARN_UNINITIALIZED_AUTOS = YES_AGGRESSIVE;
				GCC_WARN_UNUSED_FUNCTION = YES;
				GCC_WARN_UNUSED_VARIABLE = YES;
				IPHONEOS_DEPLOYMENT_TARGET = 16.4;
				MTL_ENABLE_DEBUG_INFO = INCLUDE_SOURCE;
				MTL_FAST_MATH = YES;
				ONLY_ACTIVE_ARCH = YES;
				SDKROOT = iphoneos;
				SWIFT_ACTIVE_COMPILATION_CONDITIONS = DEBUG;
				SWIFT_OPTIMIZATION_LEVEL = "-Onone";
			};
			name = Debug;
		};
		FAB8726E2AA2586C0015D0FA /* Release */ = {
			isa = XCBuildConfiguration;
			buildSettings = {
				ALWAYS_SEARCH_USER_PATHS = NO;
				ASSETCATALOG_COMPILER_GENERATE_SWIFT_ASSET_SYMBOL_EXTENSIONS = YES;
				CLANG_ANALYZER_NONNULL = YES;
				CLANG_ANALYZER_NUMBER_OBJECT_CONVERSION = YES_AGGRESSIVE;
				CLANG_CXX_LANGUAGE_STANDARD = "gnu++20";
				CLANG_ENABLE_MODULES = YES;
				CLANG_ENABLE_OBJC_ARC = YES;
				CLANG_ENABLE_OBJC_WEAK = YES;
				CLANG_WARN_BLOCK_CAPTURE_AUTORELEASING = YES;
				CLANG_WARN_BOOL_CONVERSION = YES;
				CLANG_WARN_COMMA = YES;
				CLANG_WARN_CONSTANT_CONVERSION = YES;
				CLANG_WARN_DEPRECATED_OBJC_IMPLEMENTATIONS = YES;
				CLANG_WARN_DIRECT_OBJC_ISA_USAGE = YES_ERROR;
				CLANG_WARN_DOCUMENTATION_COMMENTS = YES;
				CLANG_WARN_EMPTY_BODY = YES;
				CLANG_WARN_ENUM_CONVERSION = YES;
				CLANG_WARN_INFINITE_RECURSION = YES;
				CLANG_WARN_INT_CONVERSION = YES;
				CLANG_WARN_NON_LITERAL_NULL_CONVERSION = YES;
				CLANG_WARN_OBJC_IMPLICIT_RETAIN_SELF = YES;
				CLANG_WARN_OBJC_LITERAL_CONVERSION = YES;
				CLANG_WARN_OBJC_ROOT_CLASS = YES_ERROR;
				CLANG_WARN_QUOTED_INCLUDE_IN_FRAMEWORK_HEADER = YES;
				CLANG_WARN_RANGE_LOOP_ANALYSIS = YES;
				CLANG_WARN_STRICT_PROTOTYPES = YES;
				CLANG_WARN_SUSPICIOUS_MOVE = YES;
				CLANG_WARN_UNGUARDED_AVAILABILITY = YES_AGGRESSIVE;
				CLANG_WARN_UNREACHABLE_CODE = YES;
				CLANG_WARN__DUPLICATE_METHOD_MATCH = YES;
				COPY_PHASE_STRIP = NO;
				DEBUG_INFORMATION_FORMAT = "dwarf-with-dsym";
				ENABLE_NS_ASSERTIONS = NO;
				ENABLE_STRICT_OBJC_MSGSEND = YES;
				ENABLE_USER_SCRIPT_SANDBOXING = YES;
				GCC_C_LANGUAGE_STANDARD = gnu11;
				GCC_NO_COMMON_BLOCKS = YES;
				GCC_WARN_64_TO_32_BIT_CONVERSION = YES;
				GCC_WARN_ABOUT_RETURN_TYPE = YES_ERROR;
				GCC_WARN_UNDECLARED_SELECTOR = YES;
				GCC_WARN_UNINITIALIZED_AUTOS = YES_AGGRESSIVE;
				GCC_WARN_UNUSED_FUNCTION = YES;
				GCC_WARN_UNUSED_VARIABLE = YES;
				IPHONEOS_DEPLOYMENT_TARGET = 16.4;
				MTL_ENABLE_DEBUG_INFO = NO;
				MTL_FAST_MATH = YES;
				SDKROOT = iphoneos;
				SWIFT_COMPILATION_MODE = wholemodule;
				SWIFT_OPTIMIZATION_LEVEL = "-O";
				VALIDATE_PRODUCT = YES;
			};
			name = Release;
		};
		FAB872702AA2586C0015D0FA /* Debug */ = {
			isa = XCBuildConfiguration;
			buildSettings = {
				ASSETCATALOG_COMPILER_APPICON_NAME = AppIcon;
				ASSETCATALOG_COMPILER_GLOBAL_ACCENT_COLOR_NAME = AccentColor;
				CODE_SIGN_STYLE = Automatic;
				CURRENT_PROJECT_VERSION = 1;
				DEVELOPMENT_ASSET_PATHS = "\"Scrabble3/Preview Content\"";
				DEVELOPMENT_TEAM = 4FW64CF2L7;
				ENABLE_PREVIEWS = YES;
				GENERATE_INFOPLIST_FILE = YES;
				INFOPLIST_FILE = Scrabble3/Info.plist;
				INFOPLIST_KEY_UIApplicationSceneManifest_Generation = YES;
				INFOPLIST_KEY_UIApplicationSupportsIndirectInputEvents = YES;
				INFOPLIST_KEY_UILaunchScreen_Generation = YES;
				INFOPLIST_KEY_UISupportedInterfaceOrientations_iPad = "UIInterfaceOrientationPortrait UIInterfaceOrientationPortraitUpsideDown UIInterfaceOrientationLandscapeLeft UIInterfaceOrientationLandscapeRight";
				INFOPLIST_KEY_UISupportedInterfaceOrientations_iPhone = "UIInterfaceOrientationPortrait UIInterfaceOrientationLandscapeLeft UIInterfaceOrientationLandscapeRight";
				LD_RUNPATH_SEARCH_PATHS = (
					"$(inherited)",
					"@executable_path/Frameworks",
				);
				MARKETING_VERSION = 1.0;
				PRODUCT_BUNDLE_IDENTIFIER = org.smartcalc;
				PRODUCT_NAME = "$(TARGET_NAME)";
				SWIFT_EMIT_LOC_STRINGS = YES;
				SWIFT_VERSION = 5.0;
				TARGETED_DEVICE_FAMILY = "1,2";
			};
			name = Debug;
		};
		FAB872712AA2586C0015D0FA /* Release */ = {
			isa = XCBuildConfiguration;
			buildSettings = {
				ASSETCATALOG_COMPILER_APPICON_NAME = AppIcon;
				ASSETCATALOG_COMPILER_GLOBAL_ACCENT_COLOR_NAME = AccentColor;
				CODE_SIGN_STYLE = Automatic;
				CURRENT_PROJECT_VERSION = 1;
				DEVELOPMENT_ASSET_PATHS = "\"Scrabble3/Preview Content\"";
				DEVELOPMENT_TEAM = 4FW64CF2L7;
				ENABLE_PREVIEWS = YES;
				GENERATE_INFOPLIST_FILE = YES;
				INFOPLIST_FILE = Scrabble3/Info.plist;
				INFOPLIST_KEY_UIApplicationSceneManifest_Generation = YES;
				INFOPLIST_KEY_UIApplicationSupportsIndirectInputEvents = YES;
				INFOPLIST_KEY_UILaunchScreen_Generation = YES;
				INFOPLIST_KEY_UISupportedInterfaceOrientations_iPad = "UIInterfaceOrientationPortrait UIInterfaceOrientationPortraitUpsideDown UIInterfaceOrientationLandscapeLeft UIInterfaceOrientationLandscapeRight";
				INFOPLIST_KEY_UISupportedInterfaceOrientations_iPhone = "UIInterfaceOrientationPortrait UIInterfaceOrientationLandscapeLeft UIInterfaceOrientationLandscapeRight";
				LD_RUNPATH_SEARCH_PATHS = (
					"$(inherited)",
					"@executable_path/Frameworks",
				);
				MARKETING_VERSION = 1.0;
				PRODUCT_BUNDLE_IDENTIFIER = org.smartcalc;
				PRODUCT_NAME = "$(TARGET_NAME)";
				SWIFT_EMIT_LOC_STRINGS = YES;
				SWIFT_VERSION = 5.0;
				TARGETED_DEVICE_FAMILY = "1,2";
			};
			name = Release;
		};
		FAB872732AA2586C0015D0FA /* Debug */ = {
			isa = XCBuildConfiguration;
			buildSettings = {
				ALWAYS_EMBED_SWIFT_STANDARD_LIBRARIES = YES;
				BUNDLE_LOADER = "$(TEST_HOST)";
				CODE_SIGN_STYLE = Automatic;
				CURRENT_PROJECT_VERSION = 1;
				DEVELOPMENT_TEAM = 4FW64CF2L7;
				GENERATE_INFOPLIST_FILE = YES;
				IPHONEOS_DEPLOYMENT_TARGET = 16.4;
				MARKETING_VERSION = 1.0;
				PRODUCT_BUNDLE_IDENTIFIER = org.smartcalc.Scrabble3Tests;
				PRODUCT_NAME = "$(TARGET_NAME)";
				SWIFT_EMIT_LOC_STRINGS = NO;
				SWIFT_VERSION = 5.0;
				TARGETED_DEVICE_FAMILY = "1,2";
				TEST_HOST = "$(BUILT_PRODUCTS_DIR)/Scrabble3.app/$(BUNDLE_EXECUTABLE_FOLDER_PATH)/Scrabble3";
			};
			name = Debug;
		};
		FAB872742AA2586C0015D0FA /* Release */ = {
			isa = XCBuildConfiguration;
			buildSettings = {
				ALWAYS_EMBED_SWIFT_STANDARD_LIBRARIES = YES;
				BUNDLE_LOADER = "$(TEST_HOST)";
				CODE_SIGN_STYLE = Automatic;
				CURRENT_PROJECT_VERSION = 1;
				DEVELOPMENT_TEAM = 4FW64CF2L7;
				GENERATE_INFOPLIST_FILE = YES;
				IPHONEOS_DEPLOYMENT_TARGET = 16.4;
				MARKETING_VERSION = 1.0;
				PRODUCT_BUNDLE_IDENTIFIER = org.smartcalc.Scrabble3Tests;
				PRODUCT_NAME = "$(TARGET_NAME)";
				SWIFT_EMIT_LOC_STRINGS = NO;
				SWIFT_VERSION = 5.0;
				TARGETED_DEVICE_FAMILY = "1,2";
				TEST_HOST = "$(BUILT_PRODUCTS_DIR)/Scrabble3.app/$(BUNDLE_EXECUTABLE_FOLDER_PATH)/Scrabble3";
			};
			name = Release;
		};
		FAB872762AA2586C0015D0FA /* Debug */ = {
			isa = XCBuildConfiguration;
			buildSettings = {
				ALWAYS_EMBED_SWIFT_STANDARD_LIBRARIES = YES;
				CODE_SIGN_STYLE = Automatic;
				CURRENT_PROJECT_VERSION = 1;
				DEVELOPMENT_TEAM = 4FW64CF2L7;
				GENERATE_INFOPLIST_FILE = YES;
				MARKETING_VERSION = 1.0;
				PRODUCT_BUNDLE_IDENTIFIER = org.smartcalc.Scrabble3UITests;
				PRODUCT_NAME = "$(TARGET_NAME)";
				SWIFT_EMIT_LOC_STRINGS = NO;
				SWIFT_VERSION = 5.0;
				TARGETED_DEVICE_FAMILY = "1,2";
				TEST_TARGET_NAME = Scrabble3;
			};
			name = Debug;
		};
		FAB872772AA2586C0015D0FA /* Release */ = {
			isa = XCBuildConfiguration;
			buildSettings = {
				ALWAYS_EMBED_SWIFT_STANDARD_LIBRARIES = YES;
				CODE_SIGN_STYLE = Automatic;
				CURRENT_PROJECT_VERSION = 1;
				DEVELOPMENT_TEAM = 4FW64CF2L7;
				GENERATE_INFOPLIST_FILE = YES;
				MARKETING_VERSION = 1.0;
				PRODUCT_BUNDLE_IDENTIFIER = org.smartcalc.Scrabble3UITests;
				PRODUCT_NAME = "$(TARGET_NAME)";
				SWIFT_EMIT_LOC_STRINGS = NO;
				SWIFT_VERSION = 5.0;
				TARGETED_DEVICE_FAMILY = "1,2";
				TEST_TARGET_NAME = Scrabble3;
			};
			name = Release;
		};
/* End XCBuildConfiguration section */

/* Begin XCConfigurationList section */
		FAB872462AA258610015D0FA /* Build configuration list for PBXProject "Scrabble3" */ = {
			isa = XCConfigurationList;
			buildConfigurations = (
				FAB8726D2AA2586C0015D0FA /* Debug */,
				FAB8726E2AA2586C0015D0FA /* Release */,
			);
			defaultConfigurationIsVisible = 0;
			defaultConfigurationName = Release;
		};
		FAB8726F2AA2586C0015D0FA /* Build configuration list for PBXNativeTarget "Scrabble3" */ = {
			isa = XCConfigurationList;
			buildConfigurations = (
				FAB872702AA2586C0015D0FA /* Debug */,
				FAB872712AA2586C0015D0FA /* Release */,
			);
			defaultConfigurationIsVisible = 0;
			defaultConfigurationName = Release;
		};
		FAB872722AA2586C0015D0FA /* Build configuration list for PBXNativeTarget "Scrabble3Tests" */ = {
			isa = XCConfigurationList;
			buildConfigurations = (
				FAB872732AA2586C0015D0FA /* Debug */,
				FAB872742AA2586C0015D0FA /* Release */,
			);
			defaultConfigurationIsVisible = 0;
			defaultConfigurationName = Release;
		};
		FAB872752AA2586C0015D0FA /* Build configuration list for PBXNativeTarget "Scrabble3UITests" */ = {
			isa = XCConfigurationList;
			buildConfigurations = (
				FAB872762AA2586C0015D0FA /* Debug */,
				FAB872772AA2586C0015D0FA /* Release */,
			);
			defaultConfigurationIsVisible = 0;
			defaultConfigurationName = Release;
		};
/* End XCConfigurationList section */

/* Begin XCRemoteSwiftPackageReference section */
		FA4F5E192AD2E71C00A39306 /* XCRemoteSwiftPackageReference "firebase-ios-sdk" */ = {
			isa = XCRemoteSwiftPackageReference;
			repositoryURL = "https://github.com/firebase/firebase-ios-sdk";
			requirement = {
				kind = upToNextMajorVersion;
				minimumVersion = 10.16.0;
			};
		};
/* End XCRemoteSwiftPackageReference section */

/* Begin XCSwiftPackageProductDependency section */
		FA4F5E1A2AD2E71C00A39306 /* FirebaseAnalytics */ = {
			isa = XCSwiftPackageProductDependency;
			package = FA4F5E192AD2E71C00A39306 /* XCRemoteSwiftPackageReference "firebase-ios-sdk" */;
			productName = FirebaseAnalytics;
		};
		FA4F5E1C2AD2E71C00A39306 /* FirebaseAnalyticsSwift */ = {
			isa = XCSwiftPackageProductDependency;
			package = FA4F5E192AD2E71C00A39306 /* XCRemoteSwiftPackageReference "firebase-ios-sdk" */;
			productName = FirebaseAnalyticsSwift;
		};
		FAC469E92AD34BDD00AB3A8E /* FirebaseAuth */ = {
			isa = XCSwiftPackageProductDependency;
			package = FA4F5E192AD2E71C00A39306 /* XCRemoteSwiftPackageReference "firebase-ios-sdk" */;
			productName = FirebaseAuth;
		};
		FAC469ED2AD34BF800AB3A8E /* FirebaseFirestoreSwift */ = {
			isa = XCSwiftPackageProductDependency;
			package = FA4F5E192AD2E71C00A39306 /* XCRemoteSwiftPackageReference "firebase-ios-sdk" */;
			productName = FirebaseFirestoreSwift;
		};
		FAC469EF2AD34C7C00AB3A8E /* FirebaseFirestore */ = {
			isa = XCSwiftPackageProductDependency;
			package = FA4F5E192AD2E71C00A39306 /* XCRemoteSwiftPackageReference "firebase-ios-sdk" */;
			productName = FirebaseFirestore;
		};
		FAC46A012AD4AB9700AB3A8E /* FirebaseAuthCombine-Community */ = {
			isa = XCSwiftPackageProductDependency;
			package = FA4F5E192AD2E71C00A39306 /* XCRemoteSwiftPackageReference "firebase-ios-sdk" */;
			productName = "FirebaseAuthCombine-Community";
		};
/* End XCSwiftPackageProductDependency section */
	};
	rootObject = FAB872432AA258610015D0FA /* Project object */;
}
